
Microsoft Visual Studio Solution File, Format Version 12.00
# Visual Studio 15
VisualStudioVersion = 15.0.26430.16
MinimumVisualStudioVersion = 10.0.40219.1
Project("{FAE04EC0-301F-11D3-BF4B-00C04F79EFBC}") = "Common", "Common\Common.csproj", "{7710F9C1-E937-4DBC-9421-FED0260D054D}"
EndProject
Project("{FAE04EC0-301F-11D3-BF4B-00C04F79EFBC}") = "GameEngine", "GameEngine\GameEngine.csproj", "{4E70DAD5-2F09-425C-8670-FC0ADCAD1D32}"
EndProject
Project("{FAE04EC0-301F-11D3-BF4B-00C04F79EFBC}") = "Simulator", "Simulator\Simulator.csproj", "{6D69C2B6-CD55-48B3-AA39-92E6E246428A}"
EndProject
Project("{FAE04EC0-301F-11D3-BF4B-00C04F79EFBC}") = "TeamOne", "TeamOne\TeamOne.csproj", "{4C1F167E-7F9F-408B-890B-FB639063E872}"
EndProject
Project("{FAE04EC0-301F-11D3-BF4B-00C04F79EFBC}") = "TeamTwo", "TeamTwo\TeamTwo.csproj", "{6332BF10-7834-4178-BA5A-CC1950BBCA42}"
EndProject
Project("{FAE04EC0-301F-11D3-BF4B-00C04F79EFBC}") = "BitSoccerClient", "BitSoccerClient\BitSoccerClient.csproj", "{A2A30853-6018-4B6D-ABB9-40A5A483DF8D}"
EndProject
Project("{FAE04EC0-301F-11D3-BF4B-00C04F79EFBC}") = "XmlSave", "XmlSave\XmlSave.csproj", "{79EF6BC6-F4EE-489F-B8D0-783D881711CF}"
EndProject
Project("{FAE04EC0-301F-11D3-BF4B-00C04F79EFBC}") = "Wolkenhond1", "Wolkenhond1\Wolkenhond1.csproj", "{BE01AB4F-8083-452D-8AE2-CCDBB39B947F}"
EndProject
Global
	GlobalSection(SolutionConfigurationPlatforms) = preSolution
		Debug|Any CPU = Debug|Any CPU
		Debug|x86 = Debug|x86
		Release|Any CPU = Release|Any CPU
		Release|x86 = Release|x86
	EndGlobalSection
	GlobalSection(ProjectConfigurationPlatforms) = postSolution
		{7710F9C1-E937-4DBC-9421-FED0260D054D}.Debug|Any CPU.ActiveCfg = Debug|Any CPU
		{7710F9C1-E937-4DBC-9421-FED0260D054D}.Debug|Any CPU.Build.0 = Debug|Any CPU
		{7710F9C1-E937-4DBC-9421-FED0260D054D}.Debug|x86.ActiveCfg = Debug|Any CPU
		{7710F9C1-E937-4DBC-9421-FED0260D054D}.Debug|x86.Build.0 = Debug|Any CPU
		{7710F9C1-E937-4DBC-9421-FED0260D054D}.Release|Any CPU.ActiveCfg = Release|Any CPU
		{7710F9C1-E937-4DBC-9421-FED0260D054D}.Release|Any CPU.Build.0 = Release|Any CPU
		{7710F9C1-E937-4DBC-9421-FED0260D054D}.Release|x86.ActiveCfg = Release|Any CPU
		{7710F9C1-E937-4DBC-9421-FED0260D054D}.Release|x86.Build.0 = Release|Any CPU
		{4E70DAD5-2F09-425C-8670-FC0ADCAD1D32}.Debug|Any CPU.ActiveCfg = Debug|Any CPU
		{4E70DAD5-2F09-425C-8670-FC0ADCAD1D32}.Debug|Any CPU.Build.0 = Debug|Any CPU
		{4E70DAD5-2F09-425C-8670-FC0ADCAD1D32}.Debug|x86.ActiveCfg = Debug|Any CPU
		{4E70DAD5-2F09-425C-8670-FC0ADCAD1D32}.Debug|x86.Build.0 = Debug|Any CPU
		{4E70DAD5-2F09-425C-8670-FC0ADCAD1D32}.Release|Any CPU.ActiveCfg = Release|Any CPU
		{4E70DAD5-2F09-425C-8670-FC0ADCAD1D32}.Release|Any CPU.Build.0 = Release|Any CPU
		{4E70DAD5-2F09-425C-8670-FC0ADCAD1D32}.Release|x86.ActiveCfg = Release|Any CPU
		{4E70DAD5-2F09-425C-8670-FC0ADCAD1D32}.Release|x86.Build.0 = Release|Any CPU
		{6D69C2B6-CD55-48B3-AA39-92E6E246428A}.Debug|Any CPU.ActiveCfg = Debug|Any CPU
		{6D69C2B6-CD55-48B3-AA39-92E6E246428A}.Debug|Any CPU.Build.0 = Debug|Any CPU
		{6D69C2B6-CD55-48B3-AA39-92E6E246428A}.Debug|x86.ActiveCfg = Debug|Any CPU
		{6D69C2B6-CD55-48B3-AA39-92E6E246428A}.Debug|x86.Build.0 = Debug|Any CPU
		{6D69C2B6-CD55-48B3-AA39-92E6E246428A}.Release|Any CPU.ActiveCfg = Release|Any CPU
		{6D69C2B6-CD55-48B3-AA39-92E6E246428A}.Release|Any CPU.Build.0 = Release|Any CPU
		{6D69C2B6-CD55-48B3-AA39-92E6E246428A}.Release|x86.ActiveCfg = Release|Any CPU
		{6D69C2B6-CD55-48B3-AA39-92E6E246428A}.Release|x86.Build.0 = Release|Any CPU
		{4C1F167E-7F9F-408B-890B-FB639063E872}.Debug|Any CPU.ActiveCfg = Debug|Any CPU
		{4C1F167E-7F9F-408B-890B-FB639063E872}.Debug|Any CPU.Build.0 = Debug|Any CPU
		{4C1F167E-7F9F-408B-890B-FB639063E872}.Debug|x86.ActiveCfg = Debug|Any CPU
		{4C1F167E-7F9F-408B-890B-FB639063E872}.Debug|x86.Build.0 = Debug|Any CPU
		{4C1F167E-7F9F-408B-890B-FB639063E872}.Release|Any CPU.ActiveCfg = Release|Any CPU
		{4C1F167E-7F9F-408B-890B-FB639063E872}.Release|Any CPU.Build.0 = Release|Any CPU
		{4C1F167E-7F9F-408B-890B-FB639063E872}.Release|x86.ActiveCfg = Release|Any CPU
		{4C1F167E-7F9F-408B-890B-FB639063E872}.Release|x86.Build.0 = Release|Any CPU
		{6332BF10-7834-4178-BA5A-CC1950BBCA42}.Debug|Any CPU.ActiveCfg = Debug|Any CPU
		{6332BF10-7834-4178-BA5A-CC1950BBCA42}.Debug|Any CPU.Build.0 = Debug|Any CPU
		{6332BF10-7834-4178-BA5A-CC1950BBCA42}.Debug|x86.ActiveCfg = Debug|Any CPU
		{6332BF10-7834-4178-BA5A-CC1950BBCA42}.Debug|x86.Build.0 = Debug|Any CPU
		{6332BF10-7834-4178-BA5A-CC1950BBCA42}.Release|Any CPU.ActiveCfg = Release|Any CPU
		{6332BF10-7834-4178-BA5A-CC1950BBCA42}.Release|Any CPU.Build.0 = Release|Any CPU
		{6332BF10-7834-4178-BA5A-CC1950BBCA42}.Release|x86.ActiveCfg = Release|Any CPU
		{6332BF10-7834-4178-BA5A-CC1950BBCA42}.Release|x86.Build.0 = Release|Any CPU
		{A2A30853-6018-4B6D-ABB9-40A5A483DF8D}.Debug|Any CPU.ActiveCfg = Debug|x86
		{A2A30853-6018-4B6D-ABB9-40A5A483DF8D}.Debug|x86.ActiveCfg = Debug|x86
		{A2A30853-6018-4B6D-ABB9-40A5A483DF8D}.Debug|x86.Build.0 = Debug|x86
		{A2A30853-6018-4B6D-ABB9-40A5A483DF8D}.Release|Any CPU.ActiveCfg = Release|x86
		{A2A30853-6018-4B6D-ABB9-40A5A483DF8D}.Release|x86.ActiveCfg = Release|x86
		{A2A30853-6018-4B6D-ABB9-40A5A483DF8D}.Release|x86.Build.0 = Release|x86
		{79EF6BC6-F4EE-489F-B8D0-783D881711CF}.Debug|Any CPU.ActiveCfg = Debug|Any CPU
		{79EF6BC6-F4EE-489F-B8D0-783D881711CF}.Debug|Any CPU.Build.0 = Debug|Any CPU
		{79EF6BC6-F4EE-489F-B8D0-783D881711CF}.Debug|x86.ActiveCfg = Debug|Any CPU
		{79EF6BC6-F4EE-489F-B8D0-783D881711CF}.Debug|x86.Build.0 = Debug|Any CPU
		{79EF6BC6-F4EE-489F-B8D0-783D881711CF}.Release|Any CPU.ActiveCfg = Release|Any CPU
		{79EF6BC6-F4EE-489F-B8D0-783D881711CF}.Release|Any CPU.Build.0 = Release|Any CPU
		{79EF6BC6-F4EE-489F-B8D0-783D881711CF}.Release|x86.ActiveCfg = Release|Any CPU
		{79EF6BC6-F4EE-489F-B8D0-783D881711CF}.Release|x86.Build.0 = Release|Any CPU
		{BE01AB4F-8083-452D-8AE2-CCDBB39B947F}.Debug|Any CPU.ActiveCfg = Debug|Any CPU
		{BE01AB4F-8083-452D-8AE2-CCDBB39B947F}.Debug|Any CPU.Build.0 = Debug|Any CPU
		{BE01AB4F-8083-452D-8AE2-CCDBB39B947F}.Debug|x86.ActiveCfg = Debug|Any CPU
		{BE01AB4F-8083-452D-8AE2-CCDBB39B947F}.Debug|x86.Build.0 = Debug|Any CPU
		{BE01AB4F-8083-452D-8AE2-CCDBB39B947F}.Release|Any CPU.ActiveCfg = Release|Any CPU
		{BE01AB4F-8083-452D-8AE2-CCDBB39B947F}.Release|Any CPU.Build.0 = Release|Any CPU
		{BE01AB4F-8083-452D-8AE2-CCDBB39B947F}.Release|x86.ActiveCfg = Release|Any CPU
		{BE01AB4F-8083-452D-8AE2-CCDBB39B947F}.Release|x86.Build.0 = Release|Any CPU
	EndGlobalSection
	GlobalSection(SolutionProperties) = preSolution
		HideSolutionNode = FALSE
	EndGlobalSection
EndGlobal
